// !$*UTF8*$!
{
	archiveVersion = 1;
	classes = {
	};
	objectVersion = 56;
	objects = {

/* Begin PBXBuildFile section */
		0433B9152BD4CCB100BB1542 /* CTFTimeAppApp.swift in Sources */ = {isa = PBXBuildFile; fileRef = 0433B9142BD4CCB100BB1542 /* CTFTimeAppApp.swift */; };
		0433B9172BD4CCB100BB1542 /* ContentView.swift in Sources */ = {isa = PBXBuildFile; fileRef = 0433B9162BD4CCB100BB1542 /* ContentView.swift */; };
		0433B9192BD4CCB300BB1542 /* Assets.xcassets in Resources */ = {isa = PBXBuildFile; fileRef = 0433B9182BD4CCB300BB1542 /* Assets.xcassets */; };
		0433B91C2BD4CCB300BB1542 /* Preview Assets.xcassets in Resources */ = {isa = PBXBuildFile; fileRef = 0433B91B2BD4CCB300BB1542 /* Preview Assets.xcassets */; };
		0433B9232BD4CDF300BB1542 /* ProspectsView.swift in Sources */ = {isa = PBXBuildFile; fileRef = 0433B9222BD4CDF300BB1542 /* ProspectsView.swift */; };
		0433B9292BD4D83900BB1542 /* HackerNewsView.swift in Sources */ = {isa = PBXBuildFile; fileRef = 0433B9282BD4D83900BB1542 /* HackerNewsView.swift */; };
		0433B92B2BD4D86B00BB1542 /* HackerNewsManager.swift in Sources */ = {isa = PBXBuildFile; fileRef = 0433B92A2BD4D86B00BB1542 /* HackerNewsManager.swift */; };
		0433B92D2BD4D88900BB1542 /* HackerNewsPostModel.swift in Sources */ = {isa = PBXBuildFile; fileRef = 0433B92C2BD4D88900BB1542 /* HackerNewsPostModel.swift */; };
		0433B92F2BD4D8FD00BB1542 /* HackerNewsDetailView.swift in Sources */ = {isa = PBXBuildFile; fileRef = 0433B92E2BD4D8FD00BB1542 /* HackerNewsDetailView.swift */; };
		0433B9312BD4D91200BB1542 /* HackerNewsWebView.swift in Sources */ = {isa = PBXBuildFile; fileRef = 0433B9302BD4D91200BB1542 /* HackerNewsWebView.swift */; };
		048469E22BD81B7C00ECFD8A /* DateExtension.swift in Sources */ = {isa = PBXBuildFile; fileRef = 048469E12BD81B7C00ECFD8A /* DateExtension.swift */; };
		0488BE2E2BE61E4500888186 /* EventRow.swift in Sources */ = {isa = PBXBuildFile; fileRef = 0488BE2D2BE61E4500888186 /* EventRow.swift */; };
		0488BE302BE61EC100888186 /* SafariView.swift in Sources */ = {isa = PBXBuildFile; fileRef = 0488BE2F2BE61EC100888186 /* SafariView.swift */; };
		0488BE342BE6766300888186 /* CTFTeamManager.swift in Sources */ = {isa = PBXBuildFile; fileRef = 0488BE332BE6766300888186 /* CTFTeamManager.swift */; };
		0488BE362BE676A600888186 /* CTFTeamModel.swift in Sources */ = {isa = PBXBuildFile; fileRef = 0488BE352BE676A600888186 /* CTFTeamModel.swift */; };
		0488BE382BE679F800888186 /* CTFTeamView.swift in Sources */ = {isa = PBXBuildFile; fileRef = 0488BE372BE679F800888186 /* CTFTeamView.swift */; };
		0488BE3A2BE6A34100888186 /* CTFTeamContent.swift in Sources */ = {isa = PBXBuildFile; fileRef = 0488BE392BE6A34100888186 /* CTFTeamContent.swift */; };
		048C826E2BD7899800CA610F /* CTFEventManager.swift in Sources */ = {isa = PBXBuildFile; fileRef = 048C826D2BD7899800CA610F /* CTFEventManager.swift */; };
		048C82702BD78AF500CA610F /* CTFEventModel.swift in Sources */ = {isa = PBXBuildFile; fileRef = 048C826F2BD78AF500CA610F /* CTFEventModel.swift */; };
		04930E602BE75D79004B1748 /* EventEditView.swift in Sources */ = {isa = PBXBuildFile; fileRef = 04930E5F2BE75D79004B1748 /* EventEditView.swift */; };
		04B9E1BF2BD78EBB0026CBFE /* CTFEventView.swift in Sources */ = {isa = PBXBuildFile; fileRef = 04B9E1BE2BD78EBB0026CBFE /* CTFEventView.swift */; };
		04B9E1C12BD7A43E0026CBFE /* CTFEventContentView.swift in Sources */ = {isa = PBXBuildFile; fileRef = 04B9E1C02BD7A43E0026CBFE /* CTFEventContentView.swift */; };
		04B9E1C52BD7A94C0026CBFE /* SearchBar.swift in Sources */ = {isa = PBXBuildFile; fileRef = 04B9E1C42BD7A94C0026CBFE /* SearchBar.swift */; };
		04D5E1122BE5DC49008FBAA3 /* CarouselSlider.swift in Sources */ = {isa = PBXBuildFile; fileRef = 04D5E1112BE5DC49008FBAA3 /* CarouselSlider.swift */; };
		04FD8C4A2BF2023E00366C28 /* Launch Screen.storyboard in Resources */ = {isa = PBXBuildFile; fileRef = 04FD8C492BF2023E00366C28 /* Launch Screen.storyboard */; };
/* End PBXBuildFile section */

/* Begin PBXFileReference section */
		0433B9112BD4CCB100BB1542 /* CTFTimeApp.app */ = {isa = PBXFileReference; explicitFileType = wrapper.application; includeInIndex = 0; path = CTFTimeApp.app; sourceTree = BUILT_PRODUCTS_DIR; };
		0433B9142BD4CCB100BB1542 /* CTFTimeAppApp.swift */ = {isa = PBXFileReference; lastKnownFileType = sourcecode.swift; path = CTFTimeAppApp.swift; sourceTree = "<group>"; };
		0433B9162BD4CCB100BB1542 /* ContentView.swift */ = {isa = PBXFileReference; lastKnownFileType = sourcecode.swift; path = ContentView.swift; sourceTree = "<group>"; };
		0433B9182BD4CCB300BB1542 /* Assets.xcassets */ = {isa = PBXFileReference; lastKnownFileType = folder.assetcatalog; path = Assets.xcassets; sourceTree = "<group>"; };
		0433B91B2BD4CCB300BB1542 /* Preview Assets.xcassets */ = {isa = PBXFileReference; lastKnownFileType = folder.assetcatalog; path = "Preview Assets.xcassets"; sourceTree = "<group>"; };
		0433B9222BD4CDF300BB1542 /* ProspectsView.swift */ = {isa = PBXFileReference; lastKnownFileType = sourcecode.swift; path = ProspectsView.swift; sourceTree = "<group>"; };
		0433B9282BD4D83900BB1542 /* HackerNewsView.swift */ = {isa = PBXFileReference; lastKnownFileType = sourcecode.swift; path = HackerNewsView.swift; sourceTree = "<group>"; };
		0433B92A2BD4D86B00BB1542 /* HackerNewsManager.swift */ = {isa = PBXFileReference; lastKnownFileType = sourcecode.swift; path = HackerNewsManager.swift; sourceTree = "<group>"; };
		0433B92C2BD4D88900BB1542 /* HackerNewsPostModel.swift */ = {isa = PBXFileReference; lastKnownFileType = sourcecode.swift; path = HackerNewsPostModel.swift; sourceTree = "<group>"; };
		0433B92E2BD4D8FD00BB1542 /* HackerNewsDetailView.swift */ = {isa = PBXFileReference; lastKnownFileType = sourcecode.swift; path = HackerNewsDetailView.swift; sourceTree = "<group>"; };
		0433B9302BD4D91200BB1542 /* HackerNewsWebView.swift */ = {isa = PBXFileReference; lastKnownFileType = sourcecode.swift; path = HackerNewsWebView.swift; sourceTree = "<group>"; };
		048469E12BD81B7C00ECFD8A /* DateExtension.swift */ = {isa = PBXFileReference; lastKnownFileType = sourcecode.swift; path = DateExtension.swift; sourceTree = "<group>"; };
		0488BE2D2BE61E4500888186 /* EventRow.swift */ = {isa = PBXFileReference; lastKnownFileType = sourcecode.swift; path = EventRow.swift; sourceTree = "<group>"; };
		0488BE2F2BE61EC100888186 /* SafariView.swift */ = {isa = PBXFileReference; lastKnownFileType = sourcecode.swift; path = SafariView.swift; sourceTree = "<group>"; };
		0488BE332BE6766300888186 /* CTFTeamManager.swift */ = {isa = PBXFileReference; lastKnownFileType = sourcecode.swift; path = CTFTeamManager.swift; sourceTree = "<group>"; };
		0488BE352BE676A600888186 /* CTFTeamModel.swift */ = {isa = PBXFileReference; lastKnownFileType = sourcecode.swift; path = CTFTeamModel.swift; sourceTree = "<group>"; };
		0488BE372BE679F800888186 /* CTFTeamView.swift */ = {isa = PBXFileReference; lastKnownFileType = sourcecode.swift; path = CTFTeamView.swift; sourceTree = "<group>"; };
		0488BE392BE6A34100888186 /* CTFTeamContent.swift */ = {isa = PBXFileReference; lastKnownFileType = sourcecode.swift; path = CTFTeamContent.swift; sourceTree = "<group>"; };
		048C826D2BD7899800CA610F /* CTFEventManager.swift */ = {isa = PBXFileReference; lastKnownFileType = sourcecode.swift; path = CTFEventManager.swift; sourceTree = "<group>"; };
		048C826F2BD78AF500CA610F /* CTFEventModel.swift */ = {isa = PBXFileReference; lastKnownFileType = sourcecode.swift; path = CTFEventModel.swift; sourceTree = "<group>"; };
		04930E5F2BE75D79004B1748 /* EventEditView.swift */ = {isa = PBXFileReference; lastKnownFileType = sourcecode.swift; path = EventEditView.swift; sourceTree = "<group>"; };
		04B9E1BE2BD78EBB0026CBFE /* CTFEventView.swift */ = {isa = PBXFileReference; lastKnownFileType = sourcecode.swift; path = CTFEventView.swift; sourceTree = "<group>"; };
		04B9E1C02BD7A43E0026CBFE /* CTFEventContentView.swift */ = {isa = PBXFileReference; lastKnownFileType = sourcecode.swift; path = CTFEventContentView.swift; sourceTree = "<group>"; };
		04B9E1C42BD7A94C0026CBFE /* SearchBar.swift */ = {isa = PBXFileReference; lastKnownFileType = sourcecode.swift; path = SearchBar.swift; sourceTree = "<group>"; };
		04D5E1112BE5DC49008FBAA3 /* CarouselSlider.swift */ = {isa = PBXFileReference; lastKnownFileType = sourcecode.swift; path = CarouselSlider.swift; sourceTree = "<group>"; };
		04FD8C492BF2023E00366C28 /* Launch Screen.storyboard */ = {isa = PBXFileReference; lastKnownFileType = file.storyboard; path = "Launch Screen.storyboard"; sourceTree = "<group>"; };
/* End PBXFileReference section */

/* Begin PBXFrameworksBuildPhase section */
		0433B90E2BD4CCB100BB1542 /* Frameworks */ = {
			isa = PBXFrameworksBuildPhase;
			buildActionMask = 2147483647;
			files = (
			);
			runOnlyForDeploymentPostprocessing = 0;
		};
/* End PBXFrameworksBuildPhase section */

/* Begin PBXGroup section */
		0433B9082BD4CCB100BB1542 = {
			isa = PBXGroup;
			children = (
				0433B9132BD4CCB100BB1542 /* CTFTimeApp */,
				0433B9122BD4CCB100BB1542 /* Products */,
			);
			sourceTree = "<group>";
		};
		0433B9122BD4CCB100BB1542 /* Products */ = {
			isa = PBXGroup;
			children = (
				0433B9112BD4CCB100BB1542 /* CTFTimeApp.app */,
			);
			name = Products;
			sourceTree = "<group>";
		};
		0433B9132BD4CCB100BB1542 /* CTFTimeApp */ = {
			isa = PBXGroup;
			children = (
				0433B9142BD4CCB100BB1542 /* CTFTimeAppApp.swift */,
				0433B9162BD4CCB100BB1542 /* ContentView.swift */,
				0433B9222BD4CDF300BB1542 /* ProspectsView.swift */,
				04B9E1C42BD7A94C0026CBFE /* SearchBar.swift */,
				0433B9282BD4D83900BB1542 /* HackerNewsView.swift */,
				0433B92E2BD4D8FD00BB1542 /* HackerNewsDetailView.swift */,
				0433B9302BD4D91200BB1542 /* HackerNewsWebView.swift */,
				0433B92A2BD4D86B00BB1542 /* HackerNewsManager.swift */,
				0433B92C2BD4D88900BB1542 /* HackerNewsPostModel.swift */,
				04B9E1BE2BD78EBB0026CBFE /* CTFEventView.swift */,
				0488BE2F2BE61EC100888186 /* SafariView.swift */,
				0488BE2D2BE61E4500888186 /* EventRow.swift */,
				04930E5F2BE75D79004B1748 /* EventEditView.swift */,
				04B9E1C02BD7A43E0026CBFE /* CTFEventContentView.swift */,
				048C826D2BD7899800CA610F /* CTFEventManager.swift */,
				048C826F2BD78AF500CA610F /* CTFEventModel.swift */,
				04D5E1112BE5DC49008FBAA3 /* CarouselSlider.swift */,
				048469E12BD81B7C00ECFD8A /* DateExtension.swift */,
				0488BE372BE679F800888186 /* CTFTeamView.swift */,
				0488BE392BE6A34100888186 /* CTFTeamContent.swift */,
				0488BE332BE6766300888186 /* CTFTeamManager.swift */,
				0488BE352BE676A600888186 /* CTFTeamModel.swift */,
				0433B9182BD4CCB300BB1542 /* Assets.xcassets */,
				0433B91A2BD4CCB300BB1542 /* Preview Content */,
				04FD8C492BF2023E00366C28 /* Launch Screen.storyboard */,
			);
			path = CTFTimeApp;
			sourceTree = "<group>";
		};
		0433B91A2BD4CCB300BB1542 /* Preview Content */ = {
			isa = PBXGroup;
			children = (
				0433B91B2BD4CCB300BB1542 /* Preview Assets.xcassets */,
			);
			path = "Preview Content";
			sourceTree = "<group>";
		};
/* End PBXGroup section */

/* Begin PBXNativeTarget section */
		0433B9102BD4CCB100BB1542 /* CTFTimeApp */ = {
			isa = PBXNativeTarget;
			buildConfigurationList = 0433B91F2BD4CCB300BB1542 /* Build configuration list for PBXNativeTarget "CTFTimeApp" */;
			buildPhases = (
				0433B90D2BD4CCB100BB1542 /* Sources */,
				0433B90E2BD4CCB100BB1542 /* Frameworks */,
				0433B90F2BD4CCB100BB1542 /* Resources */,
			);
			buildRules = (
			);
			dependencies = (
			);
			name = CTFTimeApp;
			packageProductDependencies = (
			);
			productName = CTFTimeApp;
			productReference = 0433B9112BD4CCB100BB1542 /* CTFTimeApp.app */;
			productType = "com.apple.product-type.application";
		};
/* End PBXNativeTarget section */

/* Begin PBXProject section */
		0433B9092BD4CCB100BB1542 /* Project object */ = {
			isa = PBXProject;
			attributes = {
				BuildIndependentTargetsInParallel = 1;
				LastSwiftUpdateCheck = 1520;
				LastUpgradeCheck = 1520;
				TargetAttributes = {
					0433B9102BD4CCB100BB1542 = {
						CreatedOnToolsVersion = 15.2;
					};
				};
			};
			buildConfigurationList = 0433B90C2BD4CCB100BB1542 /* Build configuration list for PBXProject "CTFTimeApp" */;
			compatibilityVersion = "Xcode 14.0";
			developmentRegion = en;
			hasScannedForEncodings = 0;
			knownRegions = (
				en,
				Base,
			);
			mainGroup = 0433B9082BD4CCB100BB1542;
			packageReferences = (
			);
			productRefGroup = 0433B9122BD4CCB100BB1542 /* Products */;
			projectDirPath = "";
			projectRoot = "";
			targets = (
				0433B9102BD4CCB100BB1542 /* CTFTimeApp */,
			);
		};
/* End PBXProject section */

/* Begin PBXResourcesBuildPhase section */
		0433B90F2BD4CCB100BB1542 /* Resources */ = {
			isa = PBXResourcesBuildPhase;
			buildActionMask = 2147483647;
			files = (
				04FD8C4A2BF2023E00366C28 /* Launch Screen.storyboard in Resources */,
				0433B91C2BD4CCB300BB1542 /* Preview Assets.xcassets in Resources */,
				0433B9192BD4CCB300BB1542 /* Assets.xcassets in Resources */,
			);
			runOnlyForDeploymentPostprocessing = 0;
		};
/* End PBXResourcesBuildPhase section */

/* Begin PBXSourcesBuildPhase section */
		0433B90D2BD4CCB100BB1542 /* Sources */ = {
			isa = PBXSourcesBuildPhase;
			buildActionMask = 2147483647;
			files = (
				04B9E1BF2BD78EBB0026CBFE /* CTFEventView.swift in Sources */,
				048C82702BD78AF500CA610F /* CTFEventModel.swift in Sources */,
				0433B92D2BD4D88900BB1542 /* HackerNewsPostModel.swift in Sources */,
				0488BE3A2BE6A34100888186 /* CTFTeamContent.swift in Sources */,
				0488BE362BE676A600888186 /* CTFTeamModel.swift in Sources */,
				0433B9232BD4CDF300BB1542 /* ProspectsView.swift in Sources */,
				0488BE342BE6766300888186 /* CTFTeamManager.swift in Sources */,
				0488BE302BE61EC100888186 /* SafariView.swift in Sources */,
				0488BE382BE679F800888186 /* CTFTeamView.swift in Sources */,
				04D5E1122BE5DC49008FBAA3 /* CarouselSlider.swift in Sources */,
				048C826E2BD7899800CA610F /* CTFEventManager.swift in Sources */,
				0433B9312BD4D91200BB1542 /* HackerNewsWebView.swift in Sources */,
				0488BE2E2BE61E4500888186 /* EventRow.swift in Sources */,
				04930E602BE75D79004B1748 /* EventEditView.swift in Sources */,
				0433B9292BD4D83900BB1542 /* HackerNewsView.swift in Sources */,
				04B9E1C52BD7A94C0026CBFE /* SearchBar.swift in Sources */,
				048469E22BD81B7C00ECFD8A /* DateExtension.swift in Sources */,
				0433B92F2BD4D8FD00BB1542 /* HackerNewsDetailView.swift in Sources */,
				0433B92B2BD4D86B00BB1542 /* HackerNewsManager.swift in Sources */,
				04B9E1C12BD7A43E0026CBFE /* CTFEventContentView.swift in Sources */,
				0433B9172BD4CCB100BB1542 /* ContentView.swift in Sources */,
				0433B9152BD4CCB100BB1542 /* CTFTimeAppApp.swift in Sources */,
			);
			runOnlyForDeploymentPostprocessing = 0;
		};
/* End PBXSourcesBuildPhase section */

/* Begin XCBuildConfiguration section */
		0433B91D2BD4CCB300BB1542 /* Debug */ = {
			isa = XCBuildConfiguration;
			buildSettings = {
				ALWAYS_SEARCH_USER_PATHS = NO;
				ASSETCATALOG_COMPILER_GENERATE_SWIFT_ASSET_SYMBOL_EXTENSIONS = YES;
				CLANG_ANALYZER_NONNULL = YES;
				CLANG_ANALYZER_NUMBER_OBJECT_CONVERSION = YES_AGGRESSIVE;
				CLANG_CXX_LANGUAGE_STANDARD = "gnu++20";
				CLANG_ENABLE_MODULES = YES;
				CLANG_ENABLE_OBJC_ARC = YES;
				CLANG_ENABLE_OBJC_WEAK = YES;
				CLANG_WARN_BLOCK_CAPTURE_AUTORELEASING = YES;
				CLANG_WARN_BOOL_CONVERSION = YES;
				CLANG_WARN_COMMA = YES;
				CLANG_WARN_CONSTANT_CONVERSION = YES;
				CLANG_WARN_DEPRECATED_OBJC_IMPLEMENTATIONS = YES;
				CLANG_WARN_DIRECT_OBJC_ISA_USAGE = YES_ERROR;
				CLANG_WARN_DOCUMENTATION_COMMENTS = YES;
				CLANG_WARN_EMPTY_BODY = YES;
				CLANG_WARN_ENUM_CONVERSION = YES;
				CLANG_WARN_INFINITE_RECURSION = YES;
				CLANG_WARN_INT_CONVERSION = YES;
				CLANG_WARN_NON_LITERAL_NULL_CONVERSION = YES;
				CLANG_WARN_OBJC_IMPLICIT_RETAIN_SELF = YES;
				CLANG_WARN_OBJC_LITERAL_CONVERSION = YES;
				CLANG_WARN_OBJC_ROOT_CLASS = YES_ERROR;
				CLANG_WARN_QUOTED_INCLUDE_IN_FRAMEWORK_HEADER = YES;
				CLANG_WARN_RANGE_LOOP_ANALYSIS = YES;
				CLANG_WARN_STRICT_PROTOTYPES = YES;
				CLANG_WARN_SUSPICIOUS_MOVE = YES;
				CLANG_WARN_UNGUARDED_AVAILABILITY = YES_AGGRESSIVE;
				CLANG_WARN_UNREACHABLE_CODE = YES;
				CLANG_WARN__DUPLICATE_METHOD_MATCH = YES;
				COPY_PHASE_STRIP = NO;
				DEBUG_INFORMATION_FORMAT = dwarf;
				ENABLE_STRICT_OBJC_MSGSEND = YES;
				ENABLE_TESTABILITY = YES;
				ENABLE_USER_SCRIPT_SANDBOXING = YES;
				GCC_C_LANGUAGE_STANDARD = gnu17;
				GCC_DYNAMIC_NO_PIC = NO;
				GCC_NO_COMMON_BLOCKS = YES;
				GCC_OPTIMIZATION_LEVEL = 0;
				GCC_PREPROCESSOR_DEFINITIONS = (
					"DEBUG=1",
					"$(inherited)",
				);
				GCC_WARN_64_TO_32_BIT_CONVERSION = YES;
				GCC_WARN_ABOUT_RETURN_TYPE = YES_ERROR;
				GCC_WARN_UNDECLARED_SELECTOR = YES;
				GCC_WARN_UNINITIALIZED_AUTOS = YES_AGGRESSIVE;
				GCC_WARN_UNUSED_FUNCTION = YES;
				GCC_WARN_UNUSED_VARIABLE = YES;
				IPHONEOS_DEPLOYMENT_TARGET = 17.2;
				LOCALIZATION_PREFERS_STRING_CATALOGS = YES;
				MTL_ENABLE_DEBUG_INFO = INCLUDE_SOURCE;
				MTL_FAST_MATH = YES;
				ONLY_ACTIVE_ARCH = YES;
				SDKROOT = iphoneos;
				SWIFT_ACTIVE_COMPILATION_CONDITIONS = "DEBUG $(inherited)";
				SWIFT_OPTIMIZATION_LEVEL = "-Onone";
			};
			name = Debug;
		};
		0433B91E2BD4CCB300BB1542 /* Release */ = {
			isa = XCBuildConfiguration;
			buildSettings = {
				ALWAYS_SEARCH_USER_PATHS = NO;
				ASSETCATALOG_COMPILER_GENERATE_SWIFT_ASSET_SYMBOL_EXTENSIONS = YES;
				CLANG_ANALYZER_NONNULL = YES;
				CLANG_ANALYZER_NUMBER_OBJECT_CONVERSION = YES_AGGRESSIVE;
				CLANG_CXX_LANGUAGE_STANDARD = "gnu++20";
				CLANG_ENABLE_MODULES = YES;
				CLANG_ENABLE_OBJC_ARC = YES;
				CLANG_ENABLE_OBJC_WEAK = YES;
				CLANG_WARN_BLOCK_CAPTURE_AUTORELEASING = YES;
				CLANG_WARN_BOOL_CONVERSION = YES;
				CLANG_WARN_COMMA = YES;
				CLANG_WARN_CONSTANT_CONVERSION = YES;
				CLANG_WARN_DEPRECATED_OBJC_IMPLEMENTATIONS = YES;
				CLANG_WARN_DIRECT_OBJC_ISA_USAGE = YES_ERROR;
				CLANG_WARN_DOCUMENTATION_COMMENTS = YES;
				CLANG_WARN_EMPTY_BODY = YES;
				CLANG_WARN_ENUM_CONVERSION = YES;
				CLANG_WARN_INFINITE_RECURSION = YES;
				CLANG_WARN_INT_CONVERSION = YES;
				CLANG_WARN_NON_LITERAL_NULL_CONVERSION = YES;
				CLANG_WARN_OBJC_IMPLICIT_RETAIN_SELF = YES;
				CLANG_WARN_OBJC_LITERAL_CONVERSION = YES;
				CLANG_WARN_OBJC_ROOT_CLASS = YES_ERROR;
				CLANG_WARN_QUOTED_INCLUDE_IN_FRAMEWORK_HEADER = YES;
				CLANG_WARN_RANGE_LOOP_ANALYSIS = YES;
				CLANG_WARN_STRICT_PROTOTYPES = YES;
				CLANG_WARN_SUSPICIOUS_MOVE = YES;
				CLANG_WARN_UNGUARDED_AVAILABILITY = YES_AGGRESSIVE;
				CLANG_WARN_UNREACHABLE_CODE = YES;
				CLANG_WARN__DUPLICATE_METHOD_MATCH = YES;
				COPY_PHASE_STRIP = NO;
				DEBUG_INFORMATION_FORMAT = "dwarf-with-dsym";
				ENABLE_NS_ASSERTIONS = NO;
				ENABLE_STRICT_OBJC_MSGSEND = YES;
				ENABLE_USER_SCRIPT_SANDBOXING = YES;
				GCC_C_LANGUAGE_STANDARD = gnu17;
				GCC_NO_COMMON_BLOCKS = YES;
				GCC_WARN_64_TO_32_BIT_CONVERSION = YES;
				GCC_WARN_ABOUT_RETURN_TYPE = YES_ERROR;
				GCC_WARN_UNDECLARED_SELECTOR = YES;
				GCC_WARN_UNINITIALIZED_AUTOS = YES_AGGRESSIVE;
				GCC_WARN_UNUSED_FUNCTION = YES;
				GCC_WARN_UNUSED_VARIABLE = YES;
				IPHONEOS_DEPLOYMENT_TARGET = 17.2;
				LOCALIZATION_PREFERS_STRING_CATALOGS = YES;
				MTL_ENABLE_DEBUG_INFO = NO;
				MTL_FAST_MATH = YES;
				SDKROOT = iphoneos;
				SWIFT_COMPILATION_MODE = wholemodule;
				VALIDATE_PRODUCT = YES;
			};
			name = Release;
		};
		0433B9202BD4CCB300BB1542 /* Debug */ = {
			isa = XCBuildConfiguration;
			buildSettings = {
				ASSETCATALOG_COMPILER_APPICON_NAME = AppIcon;
				ASSETCATALOG_COMPILER_GLOBAL_ACCENT_COLOR_NAME = AccentColor;
				CODE_SIGN_STYLE = Automatic;
				CURRENT_PROJECT_VERSION = 1;
				DEVELOPMENT_ASSET_PATHS = "\"CTFTimeApp/Preview Content\"";
				ENABLE_PREVIEWS = YES;
				GENERATE_INFOPLIST_FILE = YES;
				INFOPLIST_KEY_UIApplicationSceneManifest_Generation = YES;
				INFOPLIST_KEY_UIApplicationSupportsIndirectInputEvents = YES;
				INFOPLIST_KEY_UILaunchScreen_Generation = YES;
				INFOPLIST_KEY_UILaunchStoryboardName = "Launch Screen.storyboard";
				INFOPLIST_KEY_UISupportedInterfaceOrientations_iPad = "UIInterfaceOrientationPortrait UIInterfaceOrientationPortraitUpsideDown UIInterfaceOrientationLandscapeLeft UIInterfaceOrientationLandscapeRight";
				INFOPLIST_KEY_UISupportedInterfaceOrientations_iPhone = "UIInterfaceOrientationPortrait UIInterfaceOrientationLandscapeLeft UIInterfaceOrientationLandscapeRight";
				LD_RUNPATH_SEARCH_PATHS = (
					"$(inherited)",
					"@executable_path/Frameworks",
				);
				MARKETING_VERSION = 1.0;
				PRODUCT_BUNDLE_IDENTIFIER = nutthanon.CTFTimeApp;
				PRODUCT_NAME = "$(TARGET_NAME)";
				SWIFT_EMIT_LOC_STRINGS = YES;
				SWIFT_VERSION = 5.0;
				TARGETED_DEVICE_FAMILY = "1,2";
			};
			name = Debug;
		};
		0433B9212BD4CCB300BB1542 /* Release */ = {
			isa = XCBuildConfiguration;
			buildSettings = {
				ASSETCATALOG_COMPILER_APPICON_NAME = AppIcon;
				ASSETCATALOG_COMPILER_GLOBAL_ACCENT_COLOR_NAME = AccentColor;
				CODE_SIGN_STYLE = Automatic;
				CURRENT_PROJECT_VERSION = 1;
				DEVELOPMENT_ASSET_PATHS = "\"CTFTimeApp/Preview Content\"";
				ENABLE_PREVIEWS = YES;
				GENERATE_INFOPLIST_FILE = YES;
				INFOPLIST_KEY_UIApplicationSceneManifest_Generation = YES;
				INFOPLIST_KEY_UIApplicationSupportsIndirectInputEvents = YES;
				INFOPLIST_KEY_UILaunchScreen_Generation = YES;
				INFOPLIST_KEY_UILaunchStoryboardName = "Launch Screen.storyboard";
				INFOPLIST_KEY_UISupportedInterfaceOrientations_iPad = "UIInterfaceOrientationPortrait UIInterfaceOrientationPortraitUpsideDown UIInterfaceOrientationLandscapeLeft UIInterfaceOrientationLandscapeRight";
				INFOPLIST_KEY_UISupportedInterfaceOrientations_iPhone = "UIInterfaceOrientationPortrait UIInterfaceOrientationLandscapeLeft UIInterfaceOrientationLandscapeRight";
				LD_RUNPATH_SEARCH_PATHS = (
					"$(inherited)",
					"@executable_path/Frameworks",
				);
				MARKETING_VERSION = 1.0;
				PRODUCT_BUNDLE_IDENTIFIER = nutthanon.CTFTimeApp;
				PRODUCT_NAME = "$(TARGET_NAME)";
				SWIFT_EMIT_LOC_STRINGS = YES;
				SWIFT_VERSION = 5.0;
				TARGETED_DEVICE_FAMILY = "1,2";
			};
			name = Release;
		};
/* End XCBuildConfiguration section */

/* Begin XCConfigurationList section */
		0433B90C2BD4CCB100BB1542 /* Build configuration list for PBXProject "CTFTimeApp" */ = {
			isa = XCConfigurationList;
			buildConfigurations = (
				0433B91D2BD4CCB300BB1542 /* Debug */,
				0433B91E2BD4CCB300BB1542 /* Release */,
			);
			defaultConfigurationIsVisible = 0;
			defaultConfigurationName = Release;
		};
		0433B91F2BD4CCB300BB1542 /* Build configuration list for PBXNativeTarget "CTFTimeApp" */ = {
			isa = XCConfigurationList;
			buildConfigurations = (
				0433B9202BD4CCB300BB1542 /* Debug */,
				0433B9212BD4CCB300BB1542 /* Release */,
			);
			defaultConfigurationIsVisible = 0;
			defaultConfigurationName = Release;
		};
/* End XCConfigurationList section */
	};
	rootObject = 0433B9092BD4CCB100BB1542 /* Project object */;
}
